
Microsoft Visual Studio Solution File, Format Version 12.00
# Visual Studio Version 17
VisualStudioVersion = 17.4.33403.182
MinimumVisualStudioVersion = 10.0.40219.1
Project("{FAE04EC0-301F-11D3-BF4B-00C04F79EFBC}") = "API", "API\API.csproj", "{455F0B95-C347-41B9-9321-C0859EB4D96B}"
EndProject
Global
	GlobalSection(SolutionConfigurationPlatforms) = preSolution
		Debug|Any CPU = Debug|Any CPU
		Release|Any CPU = Release|Any CPU
	EndGlobalSection
	GlobalSection(ProjectConfigurationPlatforms) = postSolution
		{455F0B95-C347-41B9-9321-C0859EB4D96B}.Debug|Any CPU.ActiveCfg = Debug|Any CPU
		{455F0B95-C347-41B9-9321-C0859EB4D96B}.Debug|Any CPU.Build.0 = Debug|Any CPU
		{455F0B95-C347-41B9-9321-C0859EB4D96B}.Release|Any CPU.ActiveCfg = Release|Any CPU
		{455F0B95-C347-41B9-9321-C0859EB4D96B}.Release|Any CPU.Build.0 = Release|Any CPU
	EndGlobalSection
	GlobalSection(SolutionProperties) = preSolution
		HideSolutionNode = FALSE
	EndGlobalSection
	GlobalSection(ExtensibilityGlobals) = postSolution
		SolutionGuid = {E5DBE2A2-BF5A-4738-91FD-308715CDEF1D}
	EndGlobalSection
EndGlobal
